
Microsoft Visual Studio Solution File, Format Version 12.00
# Visual Studio 2013
VisualStudioVersion = 12.0.30501.0
MinimumVisualStudioVersion = 10.0.40219.1
Project("{FAE04EC0-301F-11D3-BF4B-00C04F79EFBC}") = "Service", "Service\Service.csproj", "{FD3B10FE-D1C1-4C97-ADA5-143CA954BE42}"
EndProject
Project("{FAE04EC0-301F-11D3-BF4B-00C04F79EFBC}") = "Util", "Util\Util.csproj", "{A34AAC63-FDF3-46F2-8FD7-8E42D515B8BE}"
EndProject
Project("{FAE04EC0-301F-11D3-BF4B-00C04F79EFBC}") = "DataBase", "DataBase\DataBase.csproj", "{639A879E-B573-4FFF-B713-15A8319B7D7F}"
EndProject
Project("{FAE04EC0-301F-11D3-BF4B-00C04F79EFBC}") = "Core", "Core\Core.csproj", "{1B6C9FB6-5934-4389-84EA-477118896D58}"
EndProject
Project("{FAE04EC0-301F-11D3-BF4B-00C04F79EFBC}") = "Domain", "Domain\Domain.csproj", "{D6385039-0F68-4513-AB82-E1929D8310FE}"
EndProject
Project("{FAE04EC0-301F-11D3-BF4B-00C04F79EFBC}") = "Exception", "Exception\Exception.csproj", "{5816B9BF-DEE1-4EEB-A920-3DA28A6894D8}"
EndProject
Project("{FAE04EC0-301F-11D3-BF4B-00C04F79EFBC}") = "Constants", "Constants\Constants.csproj", "{CE4F5F74-A95B-4A5A-BE42-072D969905BD}"
EndProject
Global
	GlobalSection(SolutionConfigurationPlatforms) = preSolution
		Debug|Any CPU = Debug|Any CPU
		Release|Any CPU = Release|Any CPU
	EndGlobalSection
	GlobalSection(ProjectConfigurationPlatforms) = postSolution
		{FD3B10FE-D1C1-4C97-ADA5-143CA954BE42}.Debug|Any CPU.ActiveCfg = Debug|Any CPU
		{FD3B10FE-D1C1-4C97-ADA5-143CA954BE42}.Debug|Any CPU.Build.0 = Debug|Any CPU
		{FD3B10FE-D1C1-4C97-ADA5-143CA954BE42}.Release|Any CPU.ActiveCfg = Release|Any CPU
		{FD3B10FE-D1C1-4C97-ADA5-143CA954BE42}.Release|Any CPU.Build.0 = Release|Any CPU
		{A34AAC63-FDF3-46F2-8FD7-8E42D515B8BE}.Debug|Any CPU.ActiveCfg = Debug|Any CPU
		{A34AAC63-FDF3-46F2-8FD7-8E42D515B8BE}.Debug|Any CPU.Build.0 = Debug|Any CPU
		{A34AAC63-FDF3-46F2-8FD7-8E42D515B8BE}.Release|Any CPU.ActiveCfg = Release|Any CPU
		{A34AAC63-FDF3-46F2-8FD7-8E42D515B8BE}.Release|Any CPU.Build.0 = Release|Any CPU
		{639A879E-B573-4FFF-B713-15A8319B7D7F}.Debug|Any CPU.ActiveCfg = Debug|Any CPU
		{639A879E-B573-4FFF-B713-15A8319B7D7F}.Debug|Any CPU.Build.0 = Debug|Any CPU
		{639A879E-B573-4FFF-B713-15A8319B7D7F}.Release|Any CPU.ActiveCfg = Release|Any CPU
		{639A879E-B573-4FFF-B713-15A8319B7D7F}.Release|Any CPU.Build.0 = Release|Any CPU
		{1B6C9FB6-5934-4389-84EA-477118896D58}.Debug|Any CPU.ActiveCfg = Debug|Any CPU
		{1B6C9FB6-5934-4389-84EA-477118896D58}.Debug|Any CPU.Build.0 = Debug|Any CPU
		{1B6C9FB6-5934-4389-84EA-477118896D58}.Release|Any CPU.ActiveCfg = Release|Any CPU
		{1B6C9FB6-5934-4389-84EA-477118896D58}.Release|Any CPU.Build.0 = Release|Any CPU
		{D6385039-0F68-4513-AB82-E1929D8310FE}.Debug|Any CPU.ActiveCfg = Debug|Any CPU
		{D6385039-0F68-4513-AB82-E1929D8310FE}.Debug|Any CPU.Build.0 = Debug|Any CPU
		{D6385039-0F68-4513-AB82-E1929D8310FE}.Release|Any CPU.ActiveCfg = Release|Any CPU
		{D6385039-0F68-4513-AB82-E1929D8310FE}.Release|Any CPU.Build.0 = Release|Any CPU
		{5816B9BF-DEE1-4EEB-A920-3DA28A6894D8}.Debug|Any CPU.ActiveCfg = Debug|Any CPU
		{5816B9BF-DEE1-4EEB-A920-3DA28A6894D8}.Debug|Any CPU.Build.0 = Debug|Any CPU
		{5816B9BF-DEE1-4EEB-A920-3DA28A6894D8}.Release|Any CPU.ActiveCfg = Release|Any CPU
		{5816B9BF-DEE1-4EEB-A920-3DA28A6894D8}.Release|Any CPU.Build.0 = Release|Any CPU
		{CE4F5F74-A95B-4A5A-BE42-072D969905BD}.Debug|Any CPU.ActiveCfg = Debug|Any CPU
		{CE4F5F74-A95B-4A5A-BE42-072D969905BD}.Debug|Any CPU.Build.0 = Debug|Any CPU
		{CE4F5F74-A95B-4A5A-BE42-072D969905BD}.Release|Any CPU.ActiveCfg = Release|Any CPU
		{CE4F5F74-A95B-4A5A-BE42-072D969905BD}.Release|Any CPU.Build.0 = Release|Any CPU
	EndGlobalSection
	GlobalSection(SolutionProperties) = preSolution
		HideSolutionNode = FALSE
	EndGlobalSection
EndGlobal
